// !$*UTF8*$!
{
	archiveVersion = 1;
	classes = {
	};
	objectVersion = 46;
	objects = {

/* Begin PBXBuildFile section */
		785EEA611F3FD2B300C51156 /* AppDelegate.swift in Sources */ = {isa = PBXBuildFile; fileRef = 785EEA601F3FD2B300C51156 /* AppDelegate.swift */; };
		785EEA631F3FD2B300C51156 /* ViewController.swift in Sources */ = {isa = PBXBuildFile; fileRef = 785EEA621F3FD2B300C51156 /* ViewController.swift */; };
		785EEA661F3FD2B300C51156 /* Main.storyboard in Resources */ = {isa = PBXBuildFile; fileRef = 785EEA641F3FD2B300C51156 /* Main.storyboard */; };
		785EEA681F3FD2B300C51156 /* Assets.xcassets in Resources */ = {isa = PBXBuildFile; fileRef = 785EEA671F3FD2B300C51156 /* Assets.xcassets */; };
		785EEA6B1F3FD2B300C51156 /* LaunchScreen.storyboard in Resources */ = {isa = PBXBuildFile; fileRef = 785EEA691F3FD2B300C51156 /* LaunchScreen.storyboard */; };
/* End PBXBuildFile section */

/* Begin PBXFileReference section */
		785EEA5D1F3FD2B300C51156 /* swift-vdom.app */ = {isa = PBXFileReference; explicitFileType = wrapper.application; includeInIndex = 0; path = "swift-vdom.app"; sourceTree = BUILT_PRODUCTS_DIR; };
		785EEA601F3FD2B300C51156 /* AppDelegate.swift */ = {isa = PBXFileReference; lastKnownFileType = sourcecode.swift; path = AppDelegate.swift; sourceTree = "<group>"; };
		785EEA621F3FD2B300C51156 /* ViewController.swift */ = {isa = PBXFileReference; lastKnownFileType = sourcecode.swift; path = ViewController.swift; sourceTree = "<group>"; };
		785EEA651F3FD2B300C51156 /* Base */ = {isa = PBXFileReference; lastKnownFileType = file.storyboard; name = Base; path = Base.lproj/Main.storyboard; sourceTree = "<group>"; };
		785EEA671F3FD2B300C51156 /* Assets.xcassets */ = {isa = PBXFileReference; lastKnownFileType = folder.assetcatalog; path = Assets.xcassets; sourceTree = "<group>"; };
		785EEA6A1F3FD2B300C51156 /* Base */ = {isa = PBXFileReference; lastKnownFileType = file.storyboard; name = Base; path = Base.lproj/LaunchScreen.storyboard; sourceTree = "<group>"; };
		785EEA6C1F3FD2B300C51156 /* Info.plist */ = {isa = PBXFileReference; lastKnownFileType = text.plist.xml; path = Info.plist; sourceTree = "<group>"; };
/* End PBXFileReference section */

/* Begin PBXFrameworksBuildPhase section */
		785EEA5A1F3FD2B300C51156 /* Frameworks */ = {
			isa = PBXFrameworksBuildPhase;
			buildActionMask = 2147483647;
			files = (
			);
			runOnlyForDeploymentPostprocessing = 0;
		};
/* End PBXFrameworksBuildPhase section */

/* Begin PBXGroup section */
		785EEA541F3FD2B300C51156 = {
			isa = PBXGroup;
			children = (
				785EEA5F1F3FD2B300C51156 /* swift-vdom */,
				785EEA5E1F3FD2B300C51156 /* Products */,
			);
			sourceTree = "<group>";
		};
		785EEA5E1F3FD2B300C51156 /* Products */ = {
			isa = PBXGroup;
			children = (
				785EEA5D1F3FD2B300C51156 /* swift-vdom.app */,
			);
			name = Products;
			sourceTree = "<group>";
		};
		785EEA5F1F3FD2B300C51156 /* swift-vdom */ = {
			isa = PBXGroup;
			children = (
				785EEA601F3FD2B300C51156 /* AppDelegate.swift */,
				785EEA621F3FD2B300C51156 /* ViewController.swift */,
				785EEA641F3FD2B300C51156 /* Main.storyboard */,
				785EEA671F3FD2B300C51156 /* Assets.xcassets */,
				785EEA691F3FD2B300C51156 /* LaunchScreen.storyboard */,
				785EEA6C1F3FD2B300C51156 /* Info.plist */,
			);
			path = "swift-vdom";
			sourceTree = "<group>";
		};
/* End PBXGroup section */

/* Begin PBXNativeTarget section */
		785EEA5C1F3FD2B300C51156 /* swift-vdom */ = {
			isa = PBXNativeTarget;
			buildConfigurationList = 785EEA6F1F3FD2B300C51156 /* Build configuration list for PBXNativeTarget "swift-vdom" */;
			buildPhases = (
				785EEA591F3FD2B300C51156 /* Sources */,
				785EEA5A1F3FD2B300C51156 /* Frameworks */,
				785EEA5B1F3FD2B300C51156 /* Resources */,
			);
			buildRules = (
			);
			dependencies = (
			);
			name = "swift-vdom";
			productName = "swift-vdom";
			productReference = 785EEA5D1F3FD2B300C51156 /* swift-vdom.app */;
			productType = "com.apple.product-type.application";
		};
/* End PBXNativeTarget section */

/* Begin PBXProject section */
		785EEA551F3FD2B300C51156 /* Project object */ = {
			isa = PBXProject;
			attributes = {
				LastSwiftUpdateCheck = 0820;
				LastUpgradeCheck = 0820;
				ORGANIZATIONNAME = "Sean Kelley";
				TargetAttributes = {
					785EEA5C1F3FD2B300C51156 = {
						CreatedOnToolsVersion = 8.2;
						ProvisioningStyle = Automatic;
					};
				};
			};
			buildConfigurationList = 785EEA581F3FD2B300C51156 /* Build configuration list for PBXProject "swift-vdom" */;
			compatibilityVersion = "Xcode 3.2";
			developmentRegion = English;
			hasScannedForEncodings = 0;
			knownRegions = (
				en,
				Base,
			);
			mainGroup = 785EEA541F3FD2B300C51156;
			productRefGroup = 785EEA5E1F3FD2B300C51156 /* Products */;
			projectDirPath = "";
			projectRoot = "";
			targets = (
				785EEA5C1F3FD2B300C51156 /* swift-vdom */,
			);
		};
/* End PBXProject section */

/* Begin PBXResourcesBuildPhase section */
		785EEA5B1F3FD2B300C51156 /* Resources */ = {
			isa = PBXResourcesBuildPhase;
			buildActionMask = 2147483647;
			files = (
				785EEA6B1F3FD2B300C51156 /* LaunchScreen.storyboard in Resources */,
				785EEA681F3FD2B300C51156 /* Assets.xcassets in Resources */,
				785EEA661F3FD2B300C51156 /* Main.storyboard in Resources */,
			);
			runOnlyForDeploymentPostprocessing = 0;
		};
/* End PBXResourcesBuildPhase section */

/* Begin PBXSourcesBuildPhase section */
		785EEA591F3FD2B300C51156 /* Sources */ = {
			isa = PBXSourcesBuildPhase;
			buildActionMask = 2147483647;
			files = (
				785EEA631F3FD2B300C51156 /* ViewController.swift in Sources */,
				785EEA611F3FD2B300C51156 /* AppDelegate.swift in Sources */,
			);
			runOnlyForDeploymentPostprocessing = 0;
		};
/* End PBXSourcesBuildPhase section */

/* Begin PBXVariantGroup section */
		785EEA641F3FD2B300C51156 /* Main.storyboard */ = {
			isa = PBXVariantGroup;
			children = (
				785EEA651F3FD2B300C51156 /* Base */,
			);
			name = Main.storyboard;
			sourceTree = "<group>";
		};
		785EEA691F3FD2B300C51156 /* LaunchScreen.storyboard */ = {
			isa = PBXVariantGroup;
			children = (
				785EEA6A1F3FD2B300C51156 /* Base */,
			);
			name = LaunchScreen.storyboard;
			sourceTree = "<group>";
		};
/* End PBXVariantGroup section */

/* Begin XCBuildConfiguration section */
		785EEA6D1F3FD2B300C51156 /* Debug */ = {
			isa = XCBuildConfiguration;
			buildSettings = {
				ALWAYS_SEARCH_USER_PATHS = NO;
				CLANG_ANALYZER_NONNULL = YES;
				CLANG_CXX_LANGUAGE_STANDARD = "gnu++0x";
				CLANG_CXX_LIBRARY = "libc++";
				CLANG_ENABLE_MODULES = YES;
				CLANG_ENABLE_OBJC_ARC = YES;
				CLANG_WARN_BOOL_CONVERSION = YES;
				CLANG_WARN_CONSTANT_CONVERSION = YES;
				CLANG_WARN_DIRECT_OBJC_ISA_USAGE = YES_ERROR;
				CLANG_WARN_DOCUMENTATION_COMMENTS = YES;
				CLANG_WARN_EMPTY_BODY = YES;
				CLANG_WARN_ENUM_CONVERSION = YES;
				CLANG_WARN_INFINITE_RECURSION = YES;
				CLANG_WARN_INT_CONVERSION = YES;
				CLANG_WARN_OBJC_ROOT_CLASS = YES_ERROR;
				CLANG_WARN_SUSPICIOUS_MOVE = YES;
				CLANG_WARN_UNREACHABLE_CODE = YES;
				CLANG_WARN__DUPLICATE_METHOD_MATCH = YES;
				"CODE_SIGN_IDENTITY[sdk=iphoneos*]" = "iPhone Developer";
				COPY_PHASE_STRIP = NO;
				DEBUG_INFORMATION_FORMAT = dwarf;
				ENABLE_STRICT_OBJC_MSGSEND = YES;
				ENABLE_TESTABILITY = YES;
				GCC_C_LANGUAGE_STANDARD = gnu99;
				GCC_DYNAMIC_NO_PIC = NO;
				GCC_NO_COMMON_BLOCKS = YES;
				GCC_OPTIMIZATION_LEVEL = 0;
				GCC_PREPROCESSOR_DEFINITIONS = (
					"DEBUG=1",
					"$(inherited)",
				);
				GCC_WARN_64_TO_32_BIT_CONVERSION = YES;
				GCC_WARN_ABOUT_RETURN_TYPE = YES_ERROR;
				GCC_WARN_UNDECLARED_SELECTOR = YES;
				GCC_WARN_UNINITIALIZED_AUTOS = YES_AGGRESSIVE;
				GCC_WARN_UNUSED_FUNCTION = YES;
				GCC_WARN_UNUSED_VARIABLE = YES;
				IPHONEOS_DEPLOYMENT_TARGET = 10.2;
				MTL_ENABLE_DEBUG_INFO = YES;
				ONLY_ACTIVE_ARCH = YES;
				SDKROOT = iphoneos;
				SWIFT_ACTIVE_COMPILATION_CONDITIONS = DEBUG;
				SWIFT_OPTIMIZATION_LEVEL = "-Onone";
			};
			name = Debug;
		};
		785EEA6E1F3FD2B300C51156 /* Release */ = {
			isa = XCBuildConfiguration;
			buildSettings = {
				ALWAYS_SEARCH_USER_PATHS = NO;
				CLANG_ANALYZER_NONNULL = YES;
				CLANG_CXX_LANGUAGE_STANDARD = "gnu++0x";
				CLANG_CXX_LIBRARY = "libc++";
				CLANG_ENABLE_MODULES = YES;
				CLANG_ENABLE_OBJC_ARC = YES;
				CLANG_WARN_BOOL_CONVERSION = YES;
				CLANG_WARN_CONSTANT_CONVERSION = YES;
				CLANG_WARN_DIRECT_OBJC_ISA_USAGE = YES_ERROR;
				CLANG_WARN_DOCUMENTATION_COMMENTS = YES;
				CLANG_WARN_EMPTY_BODY = YES;
				CLANG_WARN_ENUM_CONVERSION = YES;
				CLANG_WARN_INFINITE_RECURSION = YES;
				CLANG_WARN_INT_CONVERSION = YES;
				CLANG_WARN_OBJC_ROOT_CLASS = YES_ERROR;
				CLANG_WARN_SUSPICIOUS_MOVE = YES;
				CLANG_WARN_UNREACHABLE_CODE = YES;
				CLANG_WARN__DUPLICATE_METHOD_MATCH = YES;
				"CODE_SIGN_IDENTITY[sdk=iphoneos*]" = "iPhone Developer";
				COPY_PHASE_STRIP = NO;
				DEBUG_INFORMATION_FORMAT = "dwarf-with-dsym";
				ENABLE_NS_ASSERTIONS = NO;
				ENABLE_STRICT_OBJC_MSGSEND = YES;
				GCC_C_LANGUAGE_STANDARD = gnu99;
				GCC_NO_COMMON_BLOCKS = YES;
				GCC_WARN_64_TO_32_BIT_CONVERSION = YES;
				GCC_WARN_ABOUT_RETURN_TYPE = YES_ERROR;
				GCC_WARN_UNDECLARED_SELECTOR = YES;
				GCC_WARN_UNINITIALIZED_AUTOS = YES_AGGRESSIVE;
				GCC_WARN_UNUSED_FUNCTION = YES;
				GCC_WARN_UNUSED_VARIABLE = YES;
				IPHONEOS_DEPLOYMENT_TARGET = 10.2;
				MTL_ENABLE_DEBUG_INFO = NO;
				SDKROOT = iphoneos;
				SWIFT_OPTIMIZATION_LEVEL = "-Owholemodule";
				VALIDATE_PRODUCT = YES;
			};
			name = Release;
		};
		785EEA701F3FD2B300C51156 /* Debug */ = {
			isa = XCBuildConfiguration;
			buildSettings = {
				ASSETCATALOG_COMPILER_APPICON_NAME = AppIcon;
				INFOPLIST_FILE = "swift-vdom/Info.plist";
				LD_RUNPATH_SEARCH_PATHS = "$(inherited) @executable_path/Frameworks";
				PRODUCT_BUNDLE_IDENTIFIER = "com.pointx.swift-vdom";
				PRODUCT_NAME = "$(TARGET_NAME)";
				SWIFT_VERSION = 3.0;
			};
			name = Debug;
		};
		785EEA711F3FD2B300C51156 /* Release */ = {
			isa = XCBuildConfiguration;
			buildSettings = {
				ASSETCATALOG_COMPILER_APPICON_NAME = AppIcon;
				INFOPLIST_FILE = "swift-vdom/Info.plist";
				LD_RUNPATH_SEARCH_PATHS = "$(inherited) @executable_path/Frameworks";
				PRODUCT_BUNDLE_IDENTIFIER = "com.pointx.swift-vdom";
				PRODUCT_NAME = "$(TARGET_NAME)";
				SWIFT_VERSION = 3.0;
			};
			name = Release;
		};
/* End XCBuildConfiguration section */

/* Begin XCConfigurationList section */
		785EEA581F3FD2B300C51156 /* Build configuration list for PBXProject "swift-vdom" */ = {
			isa = XCConfigurationList;
			buildConfigurations = (
				785EEA6D1F3FD2B300C51156 /* Debug */,
				785EEA6E1F3FD2B300C51156 /* Release */,
			);
			defaultConfigurationIsVisible = 0;
			defaultConfigurationName = Release;
		};
		785EEA6F1F3FD2B300C51156 /* Build configuration list for PBXNativeTarget "swift-vdom" */ = {
			isa = XCConfigurationList;
			buildConfigurations = (
				785EEA701F3FD2B300C51156 /* Debug */,
				785EEA711F3FD2B300C51156 /* Release */,
			);
			defaultConfigurationIsVisible = 0;
		};
/* End XCConfigurationList section */
	};
	rootObject = 785EEA551F3FD2B300C51156 /* Project object */;
}
